
Microsoft Visual Studio Solution File, Format Version 12.00
# Visual Studio 15
VisualStudioVersion = 15.0.28307.106
MinimumVisualStudioVersion = 10.0.40219.1
Project("{FAE04EC0-301F-11D3-BF4B-00C04F79EFBC}") = "Digital_saat", "Digital_saat\Digital_saat.csproj", "{3471EDC9-5913-4805-A237-62DD08758BE7}"
EndProject
Global
	GlobalSection(SolutionConfigurationPlatforms) = preSolution
		Debug|Any CPU = Debug|Any CPU
		Release|Any CPU = Release|Any CPU
	EndGlobalSection
	GlobalSection(ProjectConfigurationPlatforms) = postSolution
		{3471EDC9-5913-4805-A237-62DD08758BE7}.Debug|Any CPU.ActiveCfg = Debug|Any CPU
		{3471EDC9-5913-4805-A237-62DD08758BE7}.Debug|Any CPU.Build.0 = Debug|Any CPU
		{3471EDC9-5913-4805-A237-62DD08758BE7}.Release|Any CPU.ActiveCfg = Release|Any CPU
		{3471EDC9-5913-4805-A237-62DD08758BE7}.Release|Any CPU.Build.0 = Release|Any CPU
	EndGlobalSection
	GlobalSection(SolutionProperties) = preSolution
		HideSolutionNode = FALSE
	EndGlobalSection
	GlobalSection(ExtensibilityGlobals) = postSolution
		SolutionGuid = {5B5910B6-C21A-4DE4-B080-EB1C9FA4006B}
	EndGlobalSection
EndGlobal
